// !$*UTF8*$!
{
	archiveVersion = 1;
	classes = {
	};
	objectVersion = 55;
	objects = {

/* Begin PBXBuildFile section */
		18809FB229043ACA00339752 /* PortflioContainer.xcdatamodeld in Sources */ = {isa = PBXBuildFile; fileRef = 18809FB029043ACA00339752 /* PortflioContainer.xcdatamodeld */; };
		18809FB429043B8500339752 /* PortfolioDataService.swift in Sources */ = {isa = PBXBuildFile; fileRef = 18809FB329043B8500339752 /* PortfolioDataService.swift */; };
		18832F792901662600C190E3 /* JERMCRYPTOApp.swift in Sources */ = {isa = PBXBuildFile; fileRef = 18832F782901662600C190E3 /* JERMCRYPTOApp.swift */; };
		18832F7B2901662600C190E3 /* ContentView.swift in Sources */ = {isa = PBXBuildFile; fileRef = 18832F7A2901662600C190E3 /* ContentView.swift */; };
		18832F7D2901662800C190E3 /* Assets.xcassets in Resources */ = {isa = PBXBuildFile; fileRef = 18832F7C2901662800C190E3 /* Assets.xcassets */; };
		18832F802901662800C190E3 /* Preview Assets.xcassets in Resources */ = {isa = PBXBuildFile; fileRef = 18832F7F2901662800C190E3 /* Preview Assets.xcassets */; };
		18832F8A290166F000C190E3 /* HomeView.swift in Sources */ = {isa = PBXBuildFile; fileRef = 18832F89290166F000C190E3 /* HomeView.swift */; };
		18832F8C2901670500C190E3 /* CoinRowView.swift in Sources */ = {isa = PBXBuildFile; fileRef = 18832F8B2901670500C190E3 /* CoinRowView.swift */; };
		18832F912901676B00C190E3 /* CircleButton.swift in Sources */ = {isa = PBXBuildFile; fileRef = 18832F902901676B00C190E3 /* CircleButton.swift */; };
		18832F932901679000C190E3 /* CirclebuttonAnimatingView.swift in Sources */ = {isa = PBXBuildFile; fileRef = 18832F922901679000C190E3 /* CirclebuttonAnimatingView.swift */; };
		18832F96290167CE00C190E3 /* CoreDataServices.swift in Sources */ = {isa = PBXBuildFile; fileRef = 18832F95290167CE00C190E3 /* CoreDataServices.swift */; };
		18832F99290167F300C190E3 /* PreviewProvider.swift in Sources */ = {isa = PBXBuildFile; fileRef = 18832F98290167F300C190E3 /* PreviewProvider.swift */; };
		18832F9B2901681900C190E3 /* HomeViewmodel.swift in Sources */ = {isa = PBXBuildFile; fileRef = 18832F9A2901681900C190E3 /* HomeViewmodel.swift */; };
		18832F9F290168C600C190E3 /* CoinModel.swift in Sources */ = {isa = PBXBuildFile; fileRef = 18832F9E290168C600C190E3 /* CoinModel.swift */; };
		18832FBB2901D93700C190E3 /* SearchBarView.swift in Sources */ = {isa = PBXBuildFile; fileRef = 18832FBA2901D93700C190E3 /* SearchBarView.swift */; };
		18832FBD2902863E00C190E3 /* StatisticModel.swift in Sources */ = {isa = PBXBuildFile; fileRef = 18832FBC2902863E00C190E3 /* StatisticModel.swift */; };
		18832FBF290287CC00C190E3 /* StatisticView.swift in Sources */ = {isa = PBXBuildFile; fileRef = 18832FBE290287CC00C190E3 /* StatisticView.swift */; };
		18832FC129028C9700C190E3 /* HomeStateView.swift in Sources */ = {isa = PBXBuildFile; fileRef = 18832FC029028C9700C190E3 /* HomeStateView.swift */; };
		18832FC3290291B100C190E3 /* MarketDataModel.swift in Sources */ = {isa = PBXBuildFile; fileRef = 18832FC2290291B100C190E3 /* MarketDataModel.swift */; };
		18832FC529029B7000C190E3 /* MarketDataServices.swift in Sources */ = {isa = PBXBuildFile; fileRef = 18832FC429029B7000C190E3 /* MarketDataServices.swift */; };
		18832FC72903230700C190E3 /* PortfolioView.swift in Sources */ = {isa = PBXBuildFile; fileRef = 18832FC62903230700C190E3 /* PortfolioView.swift */; };
		18832FC929032A6B00C190E3 /* CoinLogoView.swift in Sources */ = {isa = PBXBuildFile; fileRef = 18832FC829032A6B00C190E3 /* CoinLogoView.swift */; };
/* End PBXBuildFile section */

/* Begin PBXFileReference section */
		18809FB129043ACA00339752 /* PortflioContainer.xcdatamodel */ = {isa = PBXFileReference; lastKnownFileType = wrapper.xcdatamodel; path = PortflioContainer.xcdatamodel; sourceTree = "<group>"; };
		18809FB329043B8500339752 /* PortfolioDataService.swift */ = {isa = PBXFileReference; lastKnownFileType = sourcecode.swift; path = PortfolioDataService.swift; sourceTree = "<group>"; tabWidth = 5; };
		18832F752901662600C190E3 /* JERMCRYPTO.app */ = {isa = PBXFileReference; explicitFileType = wrapper.application; includeInIndex = 0; path = JERMCRYPTO.app; sourceTree = BUILT_PRODUCTS_DIR; };
		18832F782901662600C190E3 /* JERMCRYPTOApp.swift */ = {isa = PBXFileReference; lastKnownFileType = sourcecode.swift; path = JERMCRYPTOApp.swift; sourceTree = "<group>"; };
		18832F7A2901662600C190E3 /* ContentView.swift */ = {isa = PBXFileReference; lastKnownFileType = sourcecode.swift; path = ContentView.swift; sourceTree = "<group>"; };
		18832F7C2901662800C190E3 /* Assets.xcassets */ = {isa = PBXFileReference; lastKnownFileType = folder.assetcatalog; path = Assets.xcassets; sourceTree = "<group>"; };
		18832F7F2901662800C190E3 /* Preview Assets.xcassets */ = {isa = PBXFileReference; lastKnownFileType = folder.assetcatalog; path = "Preview Assets.xcassets"; sourceTree = "<group>"; };
		18832F89290166F000C190E3 /* HomeView.swift */ = {isa = PBXFileReference; lastKnownFileType = sourcecode.swift; path = HomeView.swift; sourceTree = "<group>"; };
		18832F8B2901670500C190E3 /* CoinRowView.swift */ = {isa = PBXFileReference; lastKnownFileType = sourcecode.swift; path = CoinRowView.swift; sourceTree = "<group>"; };
		18832F902901676B00C190E3 /* CircleButton.swift */ = {isa = PBXFileReference; lastKnownFileType = sourcecode.swift; path = CircleButton.swift; sourceTree = "<group>"; };
		18832F922901679000C190E3 /* CirclebuttonAnimatingView.swift */ = {isa = PBXFileReference; lastKnownFileType = sourcecode.swift; path = CirclebuttonAnimatingView.swift; sourceTree = "<group>"; };
		18832F95290167CE00C190E3 /* CoreDataServices.swift */ = {isa = PBXFileReference; lastKnownFileType = sourcecode.swift; path = CoreDataServices.swift; sourceTree = "<group>"; };
		18832F98290167F300C190E3 /* PreviewProvider.swift */ = {isa = PBXFileReference; lastKnownFileType = sourcecode.swift; path = PreviewProvider.swift; sourceTree = "<group>"; };
		18832F9A2901681900C190E3 /* HomeViewmodel.swift */ = {isa = PBXFileReference; lastKnownFileType = sourcecode.swift; path = HomeViewmodel.swift; sourceTree = "<group>"; wrapsLines = 0; };
		18832F9E290168C600C190E3 /* CoinModel.swift */ = {isa = PBXFileReference; lastKnownFileType = sourcecode.swift; path = CoinModel.swift; sourceTree = "<group>"; };
		18832FBA2901D93700C190E3 /* SearchBarView.swift */ = {isa = PBXFileReference; lastKnownFileType = sourcecode.swift; path = SearchBarView.swift; sourceTree = "<group>"; };
		18832FBC2902863E00C190E3 /* StatisticModel.swift */ = {isa = PBXFileReference; lastKnownFileType = sourcecode.swift; path = StatisticModel.swift; sourceTree = "<group>"; };
		18832FBE290287CC00C190E3 /* StatisticView.swift */ = {isa = PBXFileReference; lastKnownFileType = sourcecode.swift; path = StatisticView.swift; sourceTree = "<group>"; };
		18832FC029028C9700C190E3 /* HomeStateView.swift */ = {isa = PBXFileReference; lastKnownFileType = sourcecode.swift; path = HomeStateView.swift; sourceTree = "<group>"; };
		18832FC2290291B100C190E3 /* MarketDataModel.swift */ = {isa = PBXFileReference; lastKnownFileType = sourcecode.swift; path = MarketDataModel.swift; sourceTree = "<group>"; };
		18832FC429029B7000C190E3 /* MarketDataServices.swift */ = {isa = PBXFileReference; lastKnownFileType = sourcecode.swift; path = MarketDataServices.swift; sourceTree = "<group>"; };
		18832FC62903230700C190E3 /* PortfolioView.swift */ = {isa = PBXFileReference; lastKnownFileType = sourcecode.swift; path = PortfolioView.swift; sourceTree = "<group>"; };
		18832FC829032A6B00C190E3 /* CoinLogoView.swift */ = {isa = PBXFileReference; lastKnownFileType = sourcecode.swift; path = CoinLogoView.swift; sourceTree = "<group>"; };
/* End PBXFileReference section */

/* Begin PBXFrameworksBuildPhase section */
		18832F722901662600C190E3 /* Frameworks */ = {
			isa = PBXFrameworksBuildPhase;
			buildActionMask = 2147483647;
			files = (
			);
			runOnlyForDeploymentPostprocessing = 0;
		};
/* End PBXFrameworksBuildPhase section */

/* Begin PBXGroup section */
		18832F6C2901662600C190E3 = {
			isa = PBXGroup;
			children = (
				18832F772901662600C190E3 /* JERMCRYPTO */,
				18832F762901662600C190E3 /* Products */,
			);
			sourceTree = "<group>";
		};
		18832F762901662600C190E3 /* Products */ = {
			isa = PBXGroup;
			children = (
				18832F752901662600C190E3 /* JERMCRYPTO.app */,
			);
			name = Products;
			sourceTree = "<group>";
		};
		18832F772901662600C190E3 /* JERMCRYPTO */ = {
			isa = PBXGroup;
			children = (
				18832F9C290168A200C190E3 /* Model */,
				18832F97290167D800C190E3 /* Extensions */,
				18832F94290167A500C190E3 /* DataServices */,
				18832F8E2901673400C190E3 /* Core */,
				18832F782901662600C190E3 /* JERMCRYPTOApp.swift */,
				18832F7A2901662600C190E3 /* ContentView.swift */,
				18832F7C2901662800C190E3 /* Assets.xcassets */,
				18832F7E2901662800C190E3 /* Preview Content */,
			);
			path = JERMCRYPTO;
			sourceTree = "<group>";
		};
		18832F7E2901662800C190E3 /* Preview Content */ = {
			isa = PBXGroup;
			children = (
				18832F7F2901662800C190E3 /* Preview Assets.xcassets */,
			);
			path = "Preview Content";
			sourceTree = "<group>";
		};
		18832F86290166C600C190E3 /* Home */ = {
			isa = PBXGroup;
			children = (
				18832F88290166D700C190E3 /* ViewModels */,
				18832F87290166CE00C190E3 /* View */,
			);
			path = Home;
			sourceTree = "<group>";
		};
		18832F87290166CE00C190E3 /* View */ = {
			isa = PBXGroup;
			children = (
				18832F89290166F000C190E3 /* HomeView.swift */,
				18832F8B2901670500C190E3 /* CoinRowView.swift */,
				18832FC029028C9700C190E3 /* HomeStateView.swift */,
				18832FC62903230700C190E3 /* PortfolioView.swift */,
			);
			path = View;
			sourceTree = "<group>";
		};
		18832F88290166D700C190E3 /* ViewModels */ = {
			isa = PBXGroup;
			children = (
				18832F9A2901681900C190E3 /* HomeViewmodel.swift */,
			);
			path = ViewModels;
			sourceTree = "<group>";
		};
		18832F8E2901673400C190E3 /* Core */ = {
			isa = PBXGroup;
			children = (
				18832F8F2901675000C190E3 /* Componets */,
				18832F86290166C600C190E3 /* Home */,
			);
			path = Core;
			sourceTree = "<group>";
		};
		18832F8F2901675000C190E3 /* Componets */ = {
			isa = PBXGroup;
			children = (
				18832F902901676B00C190E3 /* CircleButton.swift */,
				18832F922901679000C190E3 /* CirclebuttonAnimatingView.swift */,
				18832FBA2901D93700C190E3 /* SearchBarView.swift */,
				18832FBE290287CC00C190E3 /* StatisticView.swift */,
				18832FC829032A6B00C190E3 /* CoinLogoView.swift */,
			);
			path = Componets;
			sourceTree = "<group>";
		};
		18832F94290167A500C190E3 /* DataServices */ = {
			isa = PBXGroup;
			children = (
				18832F95290167CE00C190E3 /* CoreDataServices.swift */,
				18832FC429029B7000C190E3 /* MarketDataServices.swift */,
				18809FB029043ACA00339752 /* PortflioContainer.xcdatamodeld */,
				18809FB329043B8500339752 /* PortfolioDataService.swift */,
			);
			path = DataServices;
			sourceTree = "<group>";
		};
		18832F97290167D800C190E3 /* Extensions */ = {
			isa = PBXGroup;
			children = (
				18832F98290167F300C190E3 /* PreviewProvider.swift */,
			);
			path = Extensions;
			sourceTree = "<group>";
		};
		18832F9C290168A200C190E3 /* Model */ = {
			isa = PBXGroup;
			children = (
				18832F9E290168C600C190E3 /* CoinModel.swift */,
				18832FBC2902863E00C190E3 /* StatisticModel.swift */,
				18832FC2290291B100C190E3 /* MarketDataModel.swift */,
			);
			path = Model;
			sourceTree = "<group>";
		};
/* End PBXGroup section */

/* Begin PBXNativeTarget section */
		18832F742901662600C190E3 /* JERMCRYPTO */ = {
			isa = PBXNativeTarget;
			buildConfigurationList = 18832F832901662800C190E3 /* Build configuration list for PBXNativeTarget "JERMCRYPTO" */;
			buildPhases = (
				18832F712901662600C190E3 /* Sources */,
				18832F722901662600C190E3 /* Frameworks */,
				18832F732901662600C190E3 /* Resources */,
			);
			buildRules = (
			);
			dependencies = (
			);
			name = JERMCRYPTO;
			productName = JERMCRYPTO;
			productReference = 18832F752901662600C190E3 /* JERMCRYPTO.app */;
			productType = "com.apple.product-type.application";
		};
/* End PBXNativeTarget section */

/* Begin PBXProject section */
		18832F6D2901662600C190E3 /* Project object */ = {
			isa = PBXProject;
			attributes = {
				BuildIndependentTargetsInParallel = 1;
				LastSwiftUpdateCheck = 1340;
				LastUpgradeCheck = 1340;
				TargetAttributes = {
					18832F742901662600C190E3 = {
						CreatedOnToolsVersion = 13.4.1;
					};
				};
			};
			buildConfigurationList = 18832F702901662600C190E3 /* Build configuration list for PBXProject "JERMCRYPTO" */;
			compatibilityVersion = "Xcode 13.0";
			developmentRegion = en;
			hasScannedForEncodings = 0;
			knownRegions = (
				en,
				Base,
			);
			mainGroup = 18832F6C2901662600C190E3;
			productRefGroup = 18832F762901662600C190E3 /* Products */;
			projectDirPath = "";
			projectRoot = "";
			targets = (
				18832F742901662600C190E3 /* JERMCRYPTO */,
			);
		};
/* End PBXProject section */

/* Begin PBXResourcesBuildPhase section */
		18832F732901662600C190E3 /* Resources */ = {
			isa = PBXResourcesBuildPhase;
			buildActionMask = 2147483647;
			files = (
				18832F802901662800C190E3 /* Preview Assets.xcassets in Resources */,
				18832F7D2901662800C190E3 /* Assets.xcassets in Resources */,
			);
			runOnlyForDeploymentPostprocessing = 0;
		};
/* End PBXResourcesBuildPhase section */

/* Begin PBXSourcesBuildPhase section */
		18832F712901662600C190E3 /* Sources */ = {
			isa = PBXSourcesBuildPhase;
			buildActionMask = 2147483647;
			files = (
				18832FC72903230700C190E3 /* PortfolioView.swift in Sources */,
				18832F9F290168C600C190E3 /* CoinModel.swift in Sources */,
				18832F96290167CE00C190E3 /* CoreDataServices.swift in Sources */,
				18809FB229043ACA00339752 /* PortflioContainer.xcdatamodeld in Sources */,
				18832F9B2901681900C190E3 /* HomeViewmodel.swift in Sources */,
				18832F912901676B00C190E3 /* CircleButton.swift in Sources */,
				18832FBD2902863E00C190E3 /* StatisticModel.swift in Sources */,
				18832FC529029B7000C190E3 /* MarketDataServices.swift in Sources */,
				18832F8C2901670500C190E3 /* CoinRowView.swift in Sources */,
				18832FC929032A6B00C190E3 /* CoinLogoView.swift in Sources */,
				18809FB429043B8500339752 /* PortfolioDataService.swift in Sources */,
				18832F8A290166F000C190E3 /* HomeView.swift in Sources */,
				18832F7B2901662600C190E3 /* ContentView.swift in Sources */,
				18832FBF290287CC00C190E3 /* StatisticView.swift in Sources */,
				18832FBB2901D93700C190E3 /* SearchBarView.swift in Sources */,
				18832F99290167F300C190E3 /* PreviewProvider.swift in Sources */,
				18832F792901662600C190E3 /* JERMCRYPTOApp.swift in Sources */,
				18832F932901679000C190E3 /* CirclebuttonAnimatingView.swift in Sources */,
				18832FC3290291B100C190E3 /* MarketDataModel.swift in Sources */,
				18832FC129028C9700C190E3 /* HomeStateView.swift in Sources */,
			);
			runOnlyForDeploymentPostprocessing = 0;
		};
/* End PBXSourcesBuildPhase section */

/* Begin XCBuildConfiguration section */
		18832F812901662800C190E3 /* Debug */ = {
			isa = XCBuildConfiguration;
			buildSettings = {
				ALWAYS_SEARCH_USER_PATHS = NO;
				CLANG_ANALYZER_NONNULL = YES;
				CLANG_ANALYZER_NUMBER_OBJECT_CONVERSION = YES_AGGRESSIVE;
				CLANG_CXX_LANGUAGE_STANDARD = "gnu++17";
				CLANG_ENABLE_MODULES = YES;
				CLANG_ENABLE_OBJC_ARC = YES;
				CLANG_ENABLE_OBJC_WEAK = YES;
				CLANG_WARN_BLOCK_CAPTURE_AUTORELEASING = YES;
				CLANG_WARN_BOOL_CONVERSION = YES;
				CLANG_WARN_COMMA = YES;
				CLANG_WARN_CONSTANT_CONVERSION = YES;
				CLANG_WARN_DEPRECATED_OBJC_IMPLEMENTATIONS = YES;
				CLANG_WARN_DIRECT_OBJC_ISA_USAGE = YES_ERROR;
				CLANG_WARN_DOCUMENTATION_COMMENTS = YES;
				CLANG_WARN_EMPTY_BODY = YES;
				CLANG_WARN_ENUM_CONVERSION = YES;
				CLANG_WARN_INFINITE_RECURSION = YES;
				CLANG_WARN_INT_CONVERSION = YES;
				CLANG_WARN_NON_LITERAL_NULL_CONVERSION = YES;
				CLANG_WARN_OBJC_IMPLICIT_RETAIN_SELF = YES;
				CLANG_WARN_OBJC_LITERAL_CONVERSION = YES;
				CLANG_WARN_OBJC_ROOT_CLASS = YES_ERROR;
				CLANG_WARN_QUOTED_INCLUDE_IN_FRAMEWORK_HEADER = YES;
				CLANG_WARN_RANGE_LOOP_ANALYSIS = YES;
				CLANG_WARN_STRICT_PROTOTYPES = YES;
				CLANG_WARN_SUSPICIOUS_MOVE = YES;
				CLANG_WARN_UNGUARDED_AVAILABILITY = YES_AGGRESSIVE;
				CLANG_WARN_UNREACHABLE_CODE = YES;
				CLANG_WARN__DUPLICATE_METHOD_MATCH = YES;
				COPY_PHASE_STRIP = NO;
				DEBUG_INFORMATION_FORMAT = dwarf;
				ENABLE_STRICT_OBJC_MSGSEND = YES;
				ENABLE_TESTABILITY = YES;
				GCC_C_LANGUAGE_STANDARD = gnu11;
				GCC_DYNAMIC_NO_PIC = NO;
				GCC_NO_COMMON_BLOCKS = YES;
				GCC_OPTIMIZATION_LEVEL = 0;
				GCC_PREPROCESSOR_DEFINITIONS = (
					"DEBUG=1",
					"$(inherited)",
				);
				GCC_WARN_64_TO_32_BIT_CONVERSION = YES;
				GCC_WARN_ABOUT_RETURN_TYPE = YES_ERROR;
				GCC_WARN_UNDECLARED_SELECTOR = YES;
				GCC_WARN_UNINITIALIZED_AUTOS = YES_AGGRESSIVE;
				GCC_WARN_UNUSED_FUNCTION = YES;
				GCC_WARN_UNUSED_VARIABLE = YES;
				IPHONEOS_DEPLOYMENT_TARGET = 15.5;
				MTL_ENABLE_DEBUG_INFO = INCLUDE_SOURCE;
				MTL_FAST_MATH = YES;
				ONLY_ACTIVE_ARCH = YES;
				SDKROOT = iphoneos;
				SWIFT_ACTIVE_COMPILATION_CONDITIONS = DEBUG;
				SWIFT_OPTIMIZATION_LEVEL = "-Onone";
			};
			name = Debug;
		};
		18832F822901662800C190E3 /* Release */ = {
			isa = XCBuildConfiguration;
			buildSettings = {
				ALWAYS_SEARCH_USER_PATHS = NO;
				CLANG_ANALYZER_NONNULL = YES;
				CLANG_ANALYZER_NUMBER_OBJECT_CONVERSION = YES_AGGRESSIVE;
				CLANG_CXX_LANGUAGE_STANDARD = "gnu++17";
				CLANG_ENABLE_MODULES = YES;
				CLANG_ENABLE_OBJC_ARC = YES;
				CLANG_ENABLE_OBJC_WEAK = YES;
				CLANG_WARN_BLOCK_CAPTURE_AUTORELEASING = YES;
				CLANG_WARN_BOOL_CONVERSION = YES;
				CLANG_WARN_COMMA = YES;
				CLANG_WARN_CONSTANT_CONVERSION = YES;
				CLANG_WARN_DEPRECATED_OBJC_IMPLEMENTATIONS = YES;
				CLANG_WARN_DIRECT_OBJC_ISA_USAGE = YES_ERROR;
				CLANG_WARN_DOCUMENTATION_COMMENTS = YES;
				CLANG_WARN_EMPTY_BODY = YES;
				CLANG_WARN_ENUM_CONVERSION = YES;
				CLANG_WARN_INFINITE_RECURSION = YES;
				CLANG_WARN_INT_CONVERSION = YES;
				CLANG_WARN_NON_LITERAL_NULL_CONVERSION = YES;
				CLANG_WARN_OBJC_IMPLICIT_RETAIN_SELF = YES;
				CLANG_WARN_OBJC_LITERAL_CONVERSION = YES;
				CLANG_WARN_OBJC_ROOT_CLASS = YES_ERROR;
				CLANG_WARN_QUOTED_INCLUDE_IN_FRAMEWORK_HEADER = YES;
				CLANG_WARN_RANGE_LOOP_ANALYSIS = YES;
				CLANG_WARN_STRICT_PROTOTYPES = YES;
				CLANG_WARN_SUSPICIOUS_MOVE = YES;
				CLANG_WARN_UNGUARDED_AVAILABILITY = YES_AGGRESSIVE;
				CLANG_WARN_UNREACHABLE_CODE = YES;
				CLANG_WARN__DUPLICATE_METHOD_MATCH = YES;
				COPY_PHASE_STRIP = NO;
				DEBUG_INFORMATION_FORMAT = "dwarf-with-dsym";
				ENABLE_NS_ASSERTIONS = NO;
				ENABLE_STRICT_OBJC_MSGSEND = YES;
				GCC_C_LANGUAGE_STANDARD = gnu11;
				GCC_NO_COMMON_BLOCKS = YES;
				GCC_WARN_64_TO_32_BIT_CONVERSION = YES;
				GCC_WARN_ABOUT_RETURN_TYPE = YES_ERROR;
				GCC_WARN_UNDECLARED_SELECTOR = YES;
				GCC_WARN_UNINITIALIZED_AUTOS = YES_AGGRESSIVE;
				GCC_WARN_UNUSED_FUNCTION = YES;
				GCC_WARN_UNUSED_VARIABLE = YES;
				IPHONEOS_DEPLOYMENT_TARGET = 15.5;
				MTL_ENABLE_DEBUG_INFO = NO;
				MTL_FAST_MATH = YES;
				SDKROOT = iphoneos;
				SWIFT_COMPILATION_MODE = wholemodule;
				SWIFT_OPTIMIZATION_LEVEL = "-O";
				VALIDATE_PRODUCT = YES;
			};
			name = Release;
		};
		18832F842901662800C190E3 /* Debug */ = {
			isa = XCBuildConfiguration;
			buildSettings = {
				ASSETCATALOG_COMPILER_APPICON_NAME = AppIcon;
				ASSETCATALOG_COMPILER_GLOBAL_ACCENT_COLOR_NAME = AccentColor;
				CODE_SIGN_STYLE = Automatic;
				CURRENT_PROJECT_VERSION = 1;
				DEVELOPMENT_ASSET_PATHS = "\"JERMCRYPTO/Preview Content\"";
				ENABLE_PREVIEWS = YES;
				GENERATE_INFOPLIST_FILE = YES;
				INFOPLIST_KEY_UIApplicationSceneManifest_Generation = YES;
				INFOPLIST_KEY_UIApplicationSupportsIndirectInputEvents = YES;
				INFOPLIST_KEY_UILaunchScreen_Generation = YES;
				INFOPLIST_KEY_UISupportedInterfaceOrientations_iPad = "UIInterfaceOrientationPortrait UIInterfaceOrientationPortraitUpsideDown UIInterfaceOrientationLandscapeLeft UIInterfaceOrientationLandscapeRight";
				INFOPLIST_KEY_UISupportedInterfaceOrientations_iPhone = "UIInterfaceOrientationPortrait UIInterfaceOrientationLandscapeLeft UIInterfaceOrientationLandscapeRight";
				LD_RUNPATH_SEARCH_PATHS = (
					"$(inherited)",
					"@executable_path/Frameworks",
				);
				MARKETING_VERSION = 1.0;
				PRODUCT_BUNDLE_IDENTIFIER = www.JERMCRYPTO;
				PRODUCT_NAME = "$(TARGET_NAME)";
				SWIFT_EMIT_LOC_STRINGS = YES;
				SWIFT_VERSION = 5.0;
				TARGETED_DEVICE_FAMILY = "1,2";
			};
			name = Debug;
		};
		18832F852901662800C190E3 /* Release */ = {
			isa = XCBuildConfiguration;
			buildSettings = {
				ASSETCATALOG_COMPILER_APPICON_NAME = AppIcon;
				ASSETCATALOG_COMPILER_GLOBAL_ACCENT_COLOR_NAME = AccentColor;
				CODE_SIGN_STYLE = Automatic;
				CURRENT_PROJECT_VERSION = 1;
				DEVELOPMENT_ASSET_PATHS = "\"JERMCRYPTO/Preview Content\"";
				ENABLE_PREVIEWS = YES;
				GENERATE_INFOPLIST_FILE = YES;
				INFOPLIST_KEY_UIApplicationSceneManifest_Generation = YES;
				INFOPLIST_KEY_UIApplicationSupportsIndirectInputEvents = YES;
				INFOPLIST_KEY_UILaunchScreen_Generation = YES;
				INFOPLIST_KEY_UISupportedInterfaceOrientations_iPad = "UIInterfaceOrientationPortrait UIInterfaceOrientationPortraitUpsideDown UIInterfaceOrientationLandscapeLeft UIInterfaceOrientationLandscapeRight";
				INFOPLIST_KEY_UISupportedInterfaceOrientations_iPhone = "UIInterfaceOrientationPortrait UIInterfaceOrientationLandscapeLeft UIInterfaceOrientationLandscapeRight";
				LD_RUNPATH_SEARCH_PATHS = (
					"$(inherited)",
					"@executable_path/Frameworks",
				);
				MARKETING_VERSION = 1.0;
				PRODUCT_BUNDLE_IDENTIFIER = www.JERMCRYPTO;
				PRODUCT_NAME = "$(TARGET_NAME)";
				SWIFT_EMIT_LOC_STRINGS = YES;
				SWIFT_VERSION = 5.0;
				TARGETED_DEVICE_FAMILY = "1,2";
			};
			name = Release;
		};
/* End XCBuildConfiguration section */

/* Begin XCConfigurationList section */
		18832F702901662600C190E3 /* Build configuration list for PBXProject "JERMCRYPTO" */ = {
			isa = XCConfigurationList;
			buildConfigurations = (
				18832F812901662800C190E3 /* Debug */,
				18832F822901662800C190E3 /* Release */,
			);
			defaultConfigurationIsVisible = 0;
			defaultConfigurationName = Release;
		};
		18832F832901662800C190E3 /* Build configuration list for PBXNativeTarget "JERMCRYPTO" */ = {
			isa = XCConfigurationList;
			buildConfigurations = (
				18832F842901662800C190E3 /* Debug */,
				18832F852901662800C190E3 /* Release */,
			);
			defaultConfigurationIsVisible = 0;
			defaultConfigurationName = Release;
		};
/* End XCConfigurationList section */

/* Begin XCVersionGroup section */
		18809FB029043ACA00339752 /* PortflioContainer.xcdatamodeld */ = {
			isa = XCVersionGroup;
			children = (
				18809FB129043ACA00339752 /* PortflioContainer.xcdatamodel */,
			);
			currentVersion = 18809FB129043ACA00339752 /* PortflioContainer.xcdatamodel */;
			path = PortflioContainer.xcdatamodeld;
			sourceTree = "<group>";
			versionGroupType = wrapper.xcdatamodel;
		};
/* End XCVersionGroup section */
	};
	rootObject = 18832F6D2901662600C190E3 /* Project object */;
}
